
Microsoft Visual Studio Solution File, Format Version 12.00
# Visual Studio Version 17
VisualStudioVersion = 17.0.31903.59
MinimumVisualStudioVersion = 10.0.40219.1
Project("{FAE04EC0-301F-11D3-BF4B-00C04F79EFBC}") = "TicketCentral.Modules.Auth", "TicketCentral.Modules.Auth\TicketCentral.Modules.Auth.csproj", "{728DA017-BE06-42D1-AC80-2D689D067CE9}"
EndProject
Project("{FAE04EC0-301F-11D3-BF4B-00C04F79EFBC}") = "TicketCentral.Infrastructure", "TicketCentral.Infrastructure\TicketCentral.Infrastructure.csproj", "{1CB0278A-23D1-4CCE-B3A5-689BEE59BFBC}"
EndProject
Project("{FAE04EC0-301F-11D3-BF4B-00C04F79EFBC}") = "TicketCentral.Modules.Events", "TicketCentral.Modules.Events\TicketCentral.Modules.Events.csproj", "{33FFAB01-B5A2-44AD-B800-6F41EFCF2ABE}"
EndProject
Global
	GlobalSection(SolutionConfigurationPlatforms) = preSolution
		Debug|Any CPU = Debug|Any CPU
		Debug|x64 = Debug|x64
		Debug|x86 = Debug|x86
		Release|Any CPU = Release|Any CPU
		Release|x64 = Release|x64
		Release|x86 = Release|x86
	EndGlobalSection
	GlobalSection(ProjectConfigurationPlatforms) = postSolution
		{728DA017-BE06-42D1-AC80-2D689D067CE9}.Debug|Any CPU.ActiveCfg = Debug|Any CPU
		{728DA017-BE06-42D1-AC80-2D689D067CE9}.Debug|Any CPU.Build.0 = Debug|Any CPU
		{728DA017-BE06-42D1-AC80-2D689D067CE9}.Debug|x64.ActiveCfg = Debug|Any CPU
		{728DA017-BE06-42D1-AC80-2D689D067CE9}.Debug|x64.Build.0 = Debug|Any CPU
		{728DA017-BE06-42D1-AC80-2D689D067CE9}.Debug|x86.ActiveCfg = Debug|Any CPU
		{728DA017-BE06-42D1-AC80-2D689D067CE9}.Debug|x86.Build.0 = Debug|Any CPU
		{728DA017-BE06-42D1-AC80-2D689D067CE9}.Release|Any CPU.ActiveCfg = Release|Any CPU
		{728DA017-BE06-42D1-AC80-2D689D067CE9}.Release|Any CPU.Build.0 = Release|Any CPU
		{728DA017-BE06-42D1-AC80-2D689D067CE9}.Release|x64.ActiveCfg = Release|Any CPU
		{728DA017-BE06-42D1-AC80-2D689D067CE9}.Release|x64.Build.0 = Release|Any CPU
		{728DA017-BE06-42D1-AC80-2D689D067CE9}.Release|x86.ActiveCfg = Release|Any CPU
		{728DA017-BE06-42D1-AC80-2D689D067CE9}.Release|x86.Build.0 = Release|Any CPU
		{1CB0278A-23D1-4CCE-B3A5-689BEE59BFBC}.Debug|Any CPU.ActiveCfg = Debug|Any CPU
		{1CB0278A-23D1-4CCE-B3A5-689BEE59BFBC}.Debug|Any CPU.Build.0 = Debug|Any CPU
		{1CB0278A-23D1-4CCE-B3A5-689BEE59BFBC}.Debug|x64.ActiveCfg = Debug|Any CPU
		{1CB0278A-23D1-4CCE-B3A5-689BEE59BFBC}.Debug|x64.Build.0 = Debug|Any CPU
		{1CB0278A-23D1-4CCE-B3A5-689BEE59BFBC}.Debug|x86.ActiveCfg = Debug|Any CPU
		{1CB0278A-23D1-4CCE-B3A5-689BEE59BFBC}.Debug|x86.Build.0 = Debug|Any CPU
		{1CB0278A-23D1-4CCE-B3A5-689BEE59BFBC}.Release|Any CPU.ActiveCfg = Release|Any CPU
		{1CB0278A-23D1-4CCE-B3A5-689BEE59BFBC}.Release|Any CPU.Build.0 = Release|Any CPU
		{1CB0278A-23D1-4CCE-B3A5-689BEE59BFBC}.Release|x64.ActiveCfg = Release|Any CPU
		{1CB0278A-23D1-4CCE-B3A5-689BEE59BFBC}.Release|x64.Build.0 = Release|Any CPU
		{1CB0278A-23D1-4CCE-B3A5-689BEE59BFBC}.Release|x86.ActiveCfg = Release|Any CPU
		{1CB0278A-23D1-4CCE-B3A5-689BEE59BFBC}.Release|x86.Build.0 = Release|Any CPU
		{33FFAB01-B5A2-44AD-B800-6F41EFCF2ABE}.Debug|Any CPU.ActiveCfg = Debug|Any CPU
		{33FFAB01-B5A2-44AD-B800-6F41EFCF2ABE}.Debug|Any CPU.Build.0 = Debug|Any CPU
		{33FFAB01-B5A2-44AD-B800-6F41EFCF2ABE}.Debug|x64.ActiveCfg = Debug|Any CPU
		{33FFAB01-B5A2-44AD-B800-6F41EFCF2ABE}.Debug|x64.Build.0 = Debug|Any CPU
		{33FFAB01-B5A2-44AD-B800-6F41EFCF2ABE}.Debug|x86.ActiveCfg = Debug|Any CPU
		{33FFAB01-B5A2-44AD-B800-6F41EFCF2ABE}.Debug|x86.Build.0 = Debug|Any CPU
		{33FFAB01-B5A2-44AD-B800-6F41EFCF2ABE}.Release|Any CPU.ActiveCfg = Release|Any CPU
		{33FFAB01-B5A2-44AD-B800-6F41EFCF2ABE}.Release|Any CPU.Build.0 = Release|Any CPU
		{33FFAB01-B5A2-44AD-B800-6F41EFCF2ABE}.Release|x64.ActiveCfg = Release|Any CPU
		{33FFAB01-B5A2-44AD-B800-6F41EFCF2ABE}.Release|x64.Build.0 = Release|Any CPU
		{33FFAB01-B5A2-44AD-B800-6F41EFCF2ABE}.Release|x86.ActiveCfg = Release|Any CPU
		{33FFAB01-B5A2-44AD-B800-6F41EFCF2ABE}.Release|x86.Build.0 = Release|Any CPU
	EndGlobalSection
	GlobalSection(SolutionProperties) = preSolution
		HideSolutionNode = FALSE
	EndGlobalSection
EndGlobal
